<?xml version="1.0" encoding="UTF-8"?>
<CodeBlocks_project_file>
	<FileVersion major="1" minor="6"/>
	<Project>
		<Option title="Lambdas"/>
		<Option makefile_is_custom="1"/>
		<Option compiler="gcc"/>
		<Option virtualFolders="CMake Files\;"/>
		<Build>
			<Target title="all">
				<Option working_dir="/Users/cucui/CLionProjects/CplusplusWeekly/Lambdas"/>
				<Option type="4"/>
				<MakeCommands>
					<Build command="/usr/bin/make -f &quot;/Users/cucui/CLionProjects/CplusplusWeekly/Lambdas/Makefile&quot;  VERBOSE=1 all"/>
					<CompileFile command="/usr/bin/make -f &quot;/Users/cucui/CLionProjects/CplusplusWeekly/Lambdas/Makefile&quot;  VERBOSE=1 &quot;$file&quot;"/>
					<Clean command="/usr/bin/make -f &quot;/Users/cucui/CLionProjects/CplusplusWeekly/Lambdas/Makefile&quot;  VERBOSE=1 clean"/>
					<DistClean command="/usr/bin/make -f &quot;/Users/cucui/CLionProjects/CplusplusWeekly/Lambdas/Makefile&quot;  VERBOSE=1 clean"/>
				</MakeCommands>
			</Target>
			<Target title="rebuild_cache">
				<Option working_dir="/Users/cucui/CLionProjects/CplusplusWeekly/Lambdas"/>
				<Option type="4"/>
				<MakeCommands>
					<Build command="/usr/bin/make -f &quot;/Users/cucui/CLionProjects/CplusplusWeekly/Lambdas/Makefile&quot;  VERBOSE=1 rebuild_cache"/>
					<CompileFile command="/usr/bin/make -f &quot;/Users/cucui/CLionProjects/CplusplusWeekly/Lambdas/Makefile&quot;  VERBOSE=1 &quot;$file&quot;"/>
					<Clean command="/usr/bin/make -f &quot;/Users/cucui/CLionProjects/CplusplusWeekly/Lambdas/Makefile&quot;  VERBOSE=1 clean"/>
					<DistClean command="/usr/bin/make -f &quot;/Users/cucui/CLionProjects/CplusplusWeekly/Lambdas/Makefile&quot;  VERBOSE=1 clean"/>
				</MakeCommands>
			</Target>
			<Target title="edit_cache">
				<Option working_dir="/Users/cucui/CLionProjects/CplusplusWeekly/Lambdas"/>
				<Option type="4"/>
				<MakeCommands>
					<Build command="/usr/bin/make -f &quot;/Users/cucui/CLionProjects/CplusplusWeekly/Lambdas/Makefile&quot;  VERBOSE=1 edit_cache"/>
					<CompileFile command="/usr/bin/make -f &quot;/Users/cucui/CLionProjects/CplusplusWeekly/Lambdas/Makefile&quot;  VERBOSE=1 &quot;$file&quot;"/>
					<Clean command="/usr/bin/make -f &quot;/Users/cucui/CLionProjects/CplusplusWeekly/Lambdas/Makefile&quot;  VERBOSE=1 clean"/>
					<DistClean command="/usr/bin/make -f &quot;/Users/cucui/CLionProjects/CplusplusWeekly/Lambdas/Makefile&quot;  VERBOSE=1 clean"/>
				</MakeCommands>
			</Target>
			<Target title="for_each_loop">
				<Option output="/Users/cucui/CLionProjects/CplusplusWeekly/Lambdas/for_each_loop" prefix_auto="0" extension_auto="0"/>
				<Option working_dir="/Users/cucui/CLionProjects/CplusplusWeekly/Lambdas"/>
				<Option object_output="./"/>
				<Option type="1"/>
				<Option compiler="gcc"/>
				<Compiler/>
				<MakeCommands>
					<Build command="/usr/bin/make -f &quot;/Users/cucui/CLionProjects/CplusplusWeekly/Lambdas/Makefile&quot;  VERBOSE=1 for_each_loop"/>
					<CompileFile command="/usr/bin/make -f &quot;/Users/cucui/CLionProjects/CplusplusWeekly/Lambdas/Makefile&quot;  VERBOSE=1 &quot;$file&quot;"/>
					<Clean command="/usr/bin/make -f &quot;/Users/cucui/CLionProjects/CplusplusWeekly/Lambdas/Makefile&quot;  VERBOSE=1 clean"/>
					<DistClean command="/usr/bin/make -f &quot;/Users/cucui/CLionProjects/CplusplusWeekly/Lambdas/Makefile&quot;  VERBOSE=1 clean"/>
				</MakeCommands>
			</Target>
			<Target title="for_each_loop/fast">
				<Option output="/Users/cucui/CLionProjects/CplusplusWeekly/Lambdas/for_each_loop" prefix_auto="0" extension_auto="0"/>
				<Option working_dir="/Users/cucui/CLionProjects/CplusplusWeekly/Lambdas"/>
				<Option object_output="./"/>
				<Option type="1"/>
				<Option compiler="gcc"/>
				<Compiler/>
				<MakeCommands>
					<Build command="/usr/bin/make -f &quot;/Users/cucui/CLionProjects/CplusplusWeekly/Lambdas/Makefile&quot;  VERBOSE=1 for_each_loop/fast"/>
					<CompileFile command="/usr/bin/make -f &quot;/Users/cucui/CLionProjects/CplusplusWeekly/Lambdas/Makefile&quot;  VERBOSE=1 &quot;$file&quot;"/>
					<Clean command="/usr/bin/make -f &quot;/Users/cucui/CLionProjects/CplusplusWeekly/Lambdas/Makefile&quot;  VERBOSE=1 clean"/>
					<DistClean command="/usr/bin/make -f &quot;/Users/cucui/CLionProjects/CplusplusWeekly/Lambdas/Makefile&quot;  VERBOSE=1 clean"/>
				</MakeCommands>
			</Target>
			<Target title="lambda">
				<Option output="/Users/cucui/CLionProjects/CplusplusWeekly/Lambdas/lambda" prefix_auto="0" extension_auto="0"/>
				<Option working_dir="/Users/cucui/CLionProjects/CplusplusWeekly/Lambdas"/>
				<Option object_output="./"/>
				<Option type="1"/>
				<Option compiler="gcc"/>
				<Compiler/>
				<MakeCommands>
					<Build command="/usr/bin/make -f &quot;/Users/cucui/CLionProjects/CplusplusWeekly/Lambdas/Makefile&quot;  VERBOSE=1 lambda"/>
					<CompileFile command="/usr/bin/make -f &quot;/Users/cucui/CLionProjects/CplusplusWeekly/Lambdas/Makefile&quot;  VERBOSE=1 &quot;$file&quot;"/>
					<Clean command="/usr/bin/make -f &quot;/Users/cucui/CLionProjects/CplusplusWeekly/Lambdas/Makefile&quot;  VERBOSE=1 clean"/>
					<DistClean command="/usr/bin/make -f &quot;/Users/cucui/CLionProjects/CplusplusWeekly/Lambdas/Makefile&quot;  VERBOSE=1 clean"/>
				</MakeCommands>
			</Target>
			<Target title="lambda/fast">
				<Option output="/Users/cucui/CLionProjects/CplusplusWeekly/Lambdas/lambda" prefix_auto="0" extension_auto="0"/>
				<Option working_dir="/Users/cucui/CLionProjects/CplusplusWeekly/Lambdas"/>
				<Option object_output="./"/>
				<Option type="1"/>
				<Option compiler="gcc"/>
				<Compiler/>
				<MakeCommands>
					<Build command="/usr/bin/make -f &quot;/Users/cucui/CLionProjects/CplusplusWeekly/Lambdas/Makefile&quot;  VERBOSE=1 lambda/fast"/>
					<CompileFile command="/usr/bin/make -f &quot;/Users/cucui/CLionProjects/CplusplusWeekly/Lambdas/Makefile&quot;  VERBOSE=1 &quot;$file&quot;"/>
					<Clean command="/usr/bin/make -f &quot;/Users/cucui/CLionProjects/CplusplusWeekly/Lambdas/Makefile&quot;  VERBOSE=1 clean"/>
					<DistClean command="/usr/bin/make -f &quot;/Users/cucui/CLionProjects/CplusplusWeekly/Lambdas/Makefile&quot;  VERBOSE=1 clean"/>
				</MakeCommands>
			</Target>
			<Target title="Lambdas">
				<Option output="/Users/cucui/CLionProjects/CplusplusWeekly/Lambdas/Lambdas" prefix_auto="0" extension_auto="0"/>
				<Option working_dir="/Users/cucui/CLionProjects/CplusplusWeekly/Lambdas"/>
				<Option object_output="./"/>
				<Option type="1"/>
				<Option compiler="gcc"/>
				<Compiler/>
				<MakeCommands>
					<Build command="/usr/bin/make -f &quot;/Users/cucui/CLionProjects/CplusplusWeekly/Lambdas/Makefile&quot;  VERBOSE=1 Lambdas"/>
					<CompileFile command="/usr/bin/make -f &quot;/Users/cucui/CLionProjects/CplusplusWeekly/Lambdas/Makefile&quot;  VERBOSE=1 &quot;$file&quot;"/>
					<Clean command="/usr/bin/make -f &quot;/Users/cucui/CLionProjects/CplusplusWeekly/Lambdas/Makefile&quot;  VERBOSE=1 clean"/>
					<DistClean command="/usr/bin/make -f &quot;/Users/cucui/CLionProjects/CplusplusWeekly/Lambdas/Makefile&quot;  VERBOSE=1 clean"/>
				</MakeCommands>
			</Target>
			<Target title="Lambdas/fast">
				<Option output="/Users/cucui/CLionProjects/CplusplusWeekly/Lambdas/Lambdas" prefix_auto="0" extension_auto="0"/>
				<Option working_dir="/Users/cucui/CLionProjects/CplusplusWeekly/Lambdas"/>
				<Option object_output="./"/>
				<Option type="1"/>
				<Option compiler="gcc"/>
				<Compiler/>
				<MakeCommands>
					<Build command="/usr/bin/make -f &quot;/Users/cucui/CLionProjects/CplusplusWeekly/Lambdas/Makefile&quot;  VERBOSE=1 Lambdas/fast"/>
					<CompileFile command="/usr/bin/make -f &quot;/Users/cucui/CLionProjects/CplusplusWeekly/Lambdas/Makefile&quot;  VERBOSE=1 &quot;$file&quot;"/>
					<Clean command="/usr/bin/make -f &quot;/Users/cucui/CLionProjects/CplusplusWeekly/Lambdas/Makefile&quot;  VERBOSE=1 clean"/>
					<DistClean command="/usr/bin/make -f &quot;/Users/cucui/CLionProjects/CplusplusWeekly/Lambdas/Makefile&quot;  VERBOSE=1 clean"/>
				</MakeCommands>
			</Target>
		</Build>
		<Unit filename="/Users/cucui/CLionProjects/CplusplusWeekly/Lambdas/for_each_loop.cpp">
			<Option target="for_each_loop"/>
		</Unit>
		<Unit filename="/Users/cucui/CLionProjects/CplusplusWeekly/Lambdas/lambda.cpp">
			<Option target="lambda"/>
		</Unit>
		<Unit filename="/Users/cucui/CLionProjects/CplusplusWeekly/Lambdas/main.cpp">
			<Option target="Lambdas"/>
		</Unit>
		<Unit filename="/Users/cucui/CLionProjects/CplusplusWeekly/Lambdas/CMakeLists.txt">
			<Option virtualFolder="CMake Files\"/>
		</Unit>
	</Project>
</CodeBlocks_project_file>
